
Microsoft Visual Studio Solution File, Format Version 12.00
# Visual Studio 14
VisualStudioVersion = 14.0.25123.0
MinimumVisualStudioVersion = 10.0.40219.1
Project("{FAE04EC0-301F-11D3-BF4B-00C04F79EFBC}") = "SportsStore.WebUI", "SportsStore.WebUI\SportsStore.WebUI.csproj", "{087BA0C2-0CC8-4C3A-B69B-9544D621DB27}"
EndProject
Project("{FAE04EC0-301F-11D3-BF4B-00C04F79EFBC}") = "SportsStore.Domain", "SportsStore.Domain\SportsStore.Domain.csproj", "{D2E1D27F-FBA1-4035-9682-C6C93080832F}"
EndProject
Project("{FAE04EC0-301F-11D3-BF4B-00C04F79EFBC}") = "SportsStore.UnitTests", "SportsStore.UnitTests\SportsStore.UnitTests.csproj", "{90F1AC53-641B-4846-9A5D-6636D6348ACD}"
EndProject
Global
	GlobalSection(SolutionConfigurationPlatforms) = preSolution
		Debug|Any CPU = Debug|Any CPU
		Release|Any CPU = Release|Any CPU
	EndGlobalSection
	GlobalSection(ProjectConfigurationPlatforms) = postSolution
		{087BA0C2-0CC8-4C3A-B69B-9544D621DB27}.Debug|Any CPU.ActiveCfg = Debug|Any CPU
		{087BA0C2-0CC8-4C3A-B69B-9544D621DB27}.Debug|Any CPU.Build.0 = Debug|Any CPU
		{087BA0C2-0CC8-4C3A-B69B-9544D621DB27}.Release|Any CPU.ActiveCfg = Release|Any CPU
		{087BA0C2-0CC8-4C3A-B69B-9544D621DB27}.Release|Any CPU.Build.0 = Release|Any CPU
		{D2E1D27F-FBA1-4035-9682-C6C93080832F}.Debug|Any CPU.ActiveCfg = Debug|Any CPU
		{D2E1D27F-FBA1-4035-9682-C6C93080832F}.Debug|Any CPU.Build.0 = Debug|Any CPU
		{D2E1D27F-FBA1-4035-9682-C6C93080832F}.Release|Any CPU.ActiveCfg = Release|Any CPU
		{D2E1D27F-FBA1-4035-9682-C6C93080832F}.Release|Any CPU.Build.0 = Release|Any CPU
		{90F1AC53-641B-4846-9A5D-6636D6348ACD}.Debug|Any CPU.ActiveCfg = Debug|Any CPU
		{90F1AC53-641B-4846-9A5D-6636D6348ACD}.Debug|Any CPU.Build.0 = Debug|Any CPU
		{90F1AC53-641B-4846-9A5D-6636D6348ACD}.Release|Any CPU.ActiveCfg = Release|Any CPU
		{90F1AC53-641B-4846-9A5D-6636D6348ACD}.Release|Any CPU.Build.0 = Release|Any CPU
	EndGlobalSection
	GlobalSection(SolutionProperties) = preSolution
		HideSolutionNode = FALSE
	EndGlobalSection
EndGlobal
